
Microsoft Visual Studio Solution File, Format Version 12.00
# Visual Studio Version 17
VisualStudioVersion = 17.4.33110.190
MinimumVisualStudioVersion = 10.0.40219.1
Project("{FAE04EC0-301F-11D3-BF4B-00C04F79EFBC}") = "BlogProject", "BlogProject\BlogProject.csproj", "{089AB25D-E816-4E15-A25F-C22110550112}"
EndProject
Project("{FAE04EC0-301F-11D3-BF4B-00C04F79EFBC}") = "DataAccess", "DataAccess\DataAccess.csproj", "{4D166ECD-013D-4E62-897A-E38152D71AE7}"
EndProject
Project("{FAE04EC0-301F-11D3-BF4B-00C04F79EFBC}") = "Business", "Business\Business.csproj", "{C112FAF5-E26C-47D2-A861-B74A7804B580}"
EndProject
Project("{FAE04EC0-301F-11D3-BF4B-00C04F79EFBC}") = "Entity", "Entity\Entity.csproj", "{EAB1C116-A0BC-4BD1-9176-2EBB7601473D}"
EndProject
Global
	GlobalSection(SolutionConfigurationPlatforms) = preSolution
		Debug|Any CPU = Debug|Any CPU
		Release|Any CPU = Release|Any CPU
	EndGlobalSection
	GlobalSection(ProjectConfigurationPlatforms) = postSolution
		{089AB25D-E816-4E15-A25F-C22110550112}.Debug|Any CPU.ActiveCfg = Debug|Any CPU
		{089AB25D-E816-4E15-A25F-C22110550112}.Debug|Any CPU.Build.0 = Debug|Any CPU
		{089AB25D-E816-4E15-A25F-C22110550112}.Release|Any CPU.ActiveCfg = Release|Any CPU
		{089AB25D-E816-4E15-A25F-C22110550112}.Release|Any CPU.Build.0 = Release|Any CPU
		{4D166ECD-013D-4E62-897A-E38152D71AE7}.Debug|Any CPU.ActiveCfg = Debug|Any CPU
		{4D166ECD-013D-4E62-897A-E38152D71AE7}.Debug|Any CPU.Build.0 = Debug|Any CPU
		{4D166ECD-013D-4E62-897A-E38152D71AE7}.Release|Any CPU.ActiveCfg = Release|Any CPU
		{4D166ECD-013D-4E62-897A-E38152D71AE7}.Release|Any CPU.Build.0 = Release|Any CPU
		{C112FAF5-E26C-47D2-A861-B74A7804B580}.Debug|Any CPU.ActiveCfg = Debug|Any CPU
		{C112FAF5-E26C-47D2-A861-B74A7804B580}.Debug|Any CPU.Build.0 = Debug|Any CPU
		{C112FAF5-E26C-47D2-A861-B74A7804B580}.Release|Any CPU.ActiveCfg = Release|Any CPU
		{C112FAF5-E26C-47D2-A861-B74A7804B580}.Release|Any CPU.Build.0 = Release|Any CPU
		{EAB1C116-A0BC-4BD1-9176-2EBB7601473D}.Debug|Any CPU.ActiveCfg = Debug|Any CPU
		{EAB1C116-A0BC-4BD1-9176-2EBB7601473D}.Debug|Any CPU.Build.0 = Debug|Any CPU
		{EAB1C116-A0BC-4BD1-9176-2EBB7601473D}.Release|Any CPU.ActiveCfg = Release|Any CPU
		{EAB1C116-A0BC-4BD1-9176-2EBB7601473D}.Release|Any CPU.Build.0 = Release|Any CPU
	EndGlobalSection
	GlobalSection(SolutionProperties) = preSolution
		HideSolutionNode = FALSE
	EndGlobalSection
	GlobalSection(ExtensibilityGlobals) = postSolution
		SolutionGuid = {FF88A21A-B496-452C-A641-7A500A0DAE4A}
	EndGlobalSection
EndGlobal
